// !$*UTF8*$!
{
	archiveVersion = 1;
	classes = {
	};
	objectVersion = 46;
	objects = {

/* Begin PBXBuildFile section */
		3502EB221F1C99EC00CAFF15 /* ScanViewController.swift in Sources */ = {isa = PBXBuildFile; fileRef = 3502EB211F1C99EC00CAFF15 /* ScanViewController.swift */; };
		3502EB241F1CC2F900CAFF15 /* ListViewController.swift in Sources */ = {isa = PBXBuildFile; fileRef = 3502EB231F1CC2F900CAFF15 /* ListViewController.swift */; };
		353005581F1DFDA5008FC52D /* GoogleService-Info.plist in Resources */ = {isa = PBXBuildFile; fileRef = 353005571F1DFDA5008FC52D /* GoogleService-Info.plist */; };
		3542F4771F15DAD30029068D /* AppDelegate.swift in Sources */ = {isa = PBXBuildFile; fileRef = 3542F4761F15DAD30029068D /* AppDelegate.swift */; };
		3542F47C1F15DAD30029068D /* Main.storyboard in Resources */ = {isa = PBXBuildFile; fileRef = 3542F47A1F15DAD30029068D /* Main.storyboard */; };
		3542F47E1F15DAD30029068D /* Assets.xcassets in Resources */ = {isa = PBXBuildFile; fileRef = 3542F47D1F15DAD30029068D /* Assets.xcassets */; };
		3542F4811F15DAD30029068D /* LaunchScreen.storyboard in Resources */ = {isa = PBXBuildFile; fileRef = 3542F47F1F15DAD30029068D /* LaunchScreen.storyboard */; };
		3597B6B51F1DBB1D006EF8F1 /* User.swift in Sources */ = {isa = PBXBuildFile; fileRef = 3597B6B41F1DBB1D006EF8F1 /* User.swift */; };
		35EB48CB1F1DEB390061AA52 /* LoginViewController.swift in Sources */ = {isa = PBXBuildFile; fileRef = 35EB48CA1F1DEB390061AA52 /* LoginViewController.swift */; };
		35F3CE781F1DBE220039AD37 /* LinhomesDB.swift in Sources */ = {isa = PBXBuildFile; fileRef = 35F3CE771F1DBE220039AD37 /* LinhomesDB.swift */; };
		35FA45EE1F161D710019A7E4 /* HomeViewController.swift in Sources */ = {isa = PBXBuildFile; fileRef = 35FA45ED1F161D710019A7E4 /* HomeViewController.swift */; };
		79FD969BCC90F7992103F8C6 /* Pods_linhomes.framework in Frameworks */ = {isa = PBXBuildFile; fileRef = 6D64ED1A39C317F060C9539B /* Pods_linhomes.framework */; };
/* End PBXBuildFile section */

/* Begin PBXFileReference section */
		3502EB211F1C99EC00CAFF15 /* ScanViewController.swift */ = {isa = PBXFileReference; fileEncoding = 4; lastKnownFileType = sourcecode.swift; path = ScanViewController.swift; sourceTree = "<group>"; };
		3502EB231F1CC2F900CAFF15 /* ListViewController.swift */ = {isa = PBXFileReference; fileEncoding = 4; lastKnownFileType = sourcecode.swift; path = ListViewController.swift; sourceTree = "<group>"; };
		353005571F1DFDA5008FC52D /* GoogleService-Info.plist */ = {isa = PBXFileReference; fileEncoding = 4; lastKnownFileType = text.plist.xml; name = "GoogleService-Info.plist"; path = "../../../../Downloads/GoogleService-Info.plist"; sourceTree = "<group>"; };
		3542F4731F15DAD30029068D /* linhomes.app */ = {isa = PBXFileReference; explicitFileType = wrapper.application; includeInIndex = 0; path = linhomes.app; sourceTree = BUILT_PRODUCTS_DIR; };
		3542F4761F15DAD30029068D /* AppDelegate.swift */ = {isa = PBXFileReference; lastKnownFileType = sourcecode.swift; path = AppDelegate.swift; sourceTree = "<group>"; };
		3542F47B1F15DAD30029068D /* Base */ = {isa = PBXFileReference; lastKnownFileType = file.storyboard; name = Base; path = Base.lproj/Main.storyboard; sourceTree = "<group>"; };
		3542F47D1F15DAD30029068D /* Assets.xcassets */ = {isa = PBXFileReference; lastKnownFileType = folder.assetcatalog; path = Assets.xcassets; sourceTree = "<group>"; };
		3542F4801F15DAD30029068D /* Base */ = {isa = PBXFileReference; lastKnownFileType = file.storyboard; name = Base; path = Base.lproj/LaunchScreen.storyboard; sourceTree = "<group>"; };
		3542F4821F15DAD30029068D /* Info.plist */ = {isa = PBXFileReference; lastKnownFileType = text.plist.xml; path = Info.plist; sourceTree = "<group>"; };
		3597B6B41F1DBB1D006EF8F1 /* User.swift */ = {isa = PBXFileReference; fileEncoding = 4; lastKnownFileType = sourcecode.swift; path = User.swift; sourceTree = "<group>"; };
		35EB48CA1F1DEB390061AA52 /* LoginViewController.swift */ = {isa = PBXFileReference; fileEncoding = 4; lastKnownFileType = sourcecode.swift; path = LoginViewController.swift; sourceTree = "<group>"; };
		35F3CE771F1DBE220039AD37 /* LinhomesDB.swift */ = {isa = PBXFileReference; fileEncoding = 4; lastKnownFileType = sourcecode.swift; path = LinhomesDB.swift; sourceTree = "<group>"; };
		35FA45ED1F161D710019A7E4 /* HomeViewController.swift */ = {isa = PBXFileReference; fileEncoding = 4; lastKnownFileType = sourcecode.swift; path = HomeViewController.swift; sourceTree = "<group>"; };
		3C964DC596629BB813122053 /* Pods-linhomes.release.xcconfig */ = {isa = PBXFileReference; includeInIndex = 1; lastKnownFileType = text.xcconfig; name = "Pods-linhomes.release.xcconfig"; path = "Pods/Target Support Files/Pods-linhomes/Pods-linhomes.release.xcconfig"; sourceTree = "<group>"; };
		6D64ED1A39C317F060C9539B /* Pods_linhomes.framework */ = {isa = PBXFileReference; explicitFileType = wrapper.framework; includeInIndex = 0; path = Pods_linhomes.framework; sourceTree = BUILT_PRODUCTS_DIR; };
		F049F40088E6DC5C65DA4E46 /* Pods-linhomes.debug.xcconfig */ = {isa = PBXFileReference; includeInIndex = 1; lastKnownFileType = text.xcconfig; name = "Pods-linhomes.debug.xcconfig"; path = "Pods/Target Support Files/Pods-linhomes/Pods-linhomes.debug.xcconfig"; sourceTree = "<group>"; };
/* End PBXFileReference section */

/* Begin PBXFrameworksBuildPhase section */
		3542F4701F15DAD30029068D /* Frameworks */ = {
			isa = PBXFrameworksBuildPhase;
			buildActionMask = 2147483647;
			files = (
				79FD969BCC90F7992103F8C6 /* Pods_linhomes.framework in Frameworks */,
			);
			runOnlyForDeploymentPostprocessing = 0;
		};
/* End PBXFrameworksBuildPhase section */

/* Begin PBXGroup section */
		3542F46A1F15DAD30029068D = {
			isa = PBXGroup;
			children = (
				3542F4751F15DAD30029068D /* linhomes */,
				3542F4741F15DAD30029068D /* Products */,
				E1F0337EC90B0FF3B5FE2DA2 /* Pods */,
				C7701FB5DF48CB142E19C25E /* Frameworks */,
			);
			sourceTree = "<group>";
		};
		3542F4741F15DAD30029068D /* Products */ = {
			isa = PBXGroup;
			children = (
				3542F4731F15DAD30029068D /* linhomes.app */,
			);
			name = Products;
			sourceTree = "<group>";
		};
		3542F4751F15DAD30029068D /* linhomes */ = {
			isa = PBXGroup;
			children = (
				353005571F1DFDA5008FC52D /* GoogleService-Info.plist */,
				3542F4761F15DAD30029068D /* AppDelegate.swift */,
				35FA45ED1F161D710019A7E4 /* HomeViewController.swift */,
				3502EB211F1C99EC00CAFF15 /* ScanViewController.swift */,
				3542F47A1F15DAD30029068D /* Main.storyboard */,
				3542F47D1F15DAD30029068D /* Assets.xcassets */,
				3542F47F1F15DAD30029068D /* LaunchScreen.storyboard */,
				3542F4821F15DAD30029068D /* Info.plist */,
				3502EB231F1CC2F900CAFF15 /* ListViewController.swift */,
				3597B6B41F1DBB1D006EF8F1 /* User.swift */,
				35F3CE771F1DBE220039AD37 /* LinhomesDB.swift */,
				35EB48CA1F1DEB390061AA52 /* LoginViewController.swift */,
			);
			path = linhomes;
			sourceTree = "<group>";
		};
		C7701FB5DF48CB142E19C25E /* Frameworks */ = {
			isa = PBXGroup;
			children = (
				6D64ED1A39C317F060C9539B /* Pods_linhomes.framework */,
			);
			name = Frameworks;
			sourceTree = "<group>";
		};
		E1F0337EC90B0FF3B5FE2DA2 /* Pods */ = {
			isa = PBXGroup;
			children = (
				F049F40088E6DC5C65DA4E46 /* Pods-linhomes.debug.xcconfig */,
				3C964DC596629BB813122053 /* Pods-linhomes.release.xcconfig */,
			);
			name = Pods;
			sourceTree = "<group>";
		};
/* End PBXGroup section */

/* Begin PBXNativeTarget section */
		3542F4721F15DAD30029068D /* linhomes */ = {
			isa = PBXNativeTarget;
			buildConfigurationList = 3542F4851F15DAD30029068D /* Build configuration list for PBXNativeTarget "linhomes" */;
			buildPhases = (
				E756ECB3AE81FB4C09E2BBA1 /* [CP] Check Pods Manifest.lock */,
				3542F46F1F15DAD30029068D /* Sources */,
				3542F4701F15DAD30029068D /* Frameworks */,
				3542F4711F15DAD30029068D /* Resources */,
				19A04DC00BF453785D4DCAF7 /* [CP] Embed Pods Frameworks */,
				C9557B62795469C7A1F4A29E /* [CP] Copy Pods Resources */,
			);
			buildRules = (
			);
			dependencies = (
			);
			name = linhomes;
			productName = linhomes;
			productReference = 3542F4731F15DAD30029068D /* linhomes.app */;
			productType = "com.apple.product-type.application";
		};
/* End PBXNativeTarget section */

/* Begin PBXProject section */
		3542F46B1F15DAD30029068D /* Project object */ = {
			isa = PBXProject;
			attributes = {
				LastSwiftUpdateCheck = 0830;
				LastUpgradeCheck = 0830;
				ORGANIZATIONNAME = linhtek;
				TargetAttributes = {
					3542F4721F15DAD30029068D = {
						CreatedOnToolsVersion = 8.3.3;
						DevelopmentTeam = 86V364Z564;
						ProvisioningStyle = Automatic;
					};
				};
			};
			buildConfigurationList = 3542F46E1F15DAD30029068D /* Build configuration list for PBXProject "linhomes" */;
			compatibilityVersion = "Xcode 3.2";
			developmentRegion = English;
			hasScannedForEncodings = 0;
			knownRegions = (
				en,
				Base,
			);
			mainGroup = 3542F46A1F15DAD30029068D;
			productRefGroup = 3542F4741F15DAD30029068D /* Products */;
			projectDirPath = "";
			projectRoot = "";
			targets = (
				3542F4721F15DAD30029068D /* linhomes */,
			);
		};
/* End PBXProject section */

/* Begin PBXResourcesBuildPhase section */
		3542F4711F15DAD30029068D /* Resources */ = {
			isa = PBXResourcesBuildPhase;
			buildActionMask = 2147483647;
			files = (
				3542F4811F15DAD30029068D /* LaunchScreen.storyboard in Resources */,
				353005581F1DFDA5008FC52D /* GoogleService-Info.plist in Resources */,
				3542F47E1F15DAD30029068D /* Assets.xcassets in Resources */,
				3542F47C1F15DAD30029068D /* Main.storyboard in Resources */,
			);
			runOnlyForDeploymentPostprocessing = 0;
		};
/* End PBXResourcesBuildPhase section */

/* Begin PBXShellScriptBuildPhase section */
		19A04DC00BF453785D4DCAF7 /* [CP] Embed Pods Frameworks */ = {
			isa = PBXShellScriptBuildPhase;
			buildActionMask = 2147483647;
			files = (
			);
			inputPaths = (
			);
			name = "[CP] Embed Pods Frameworks";
			outputPaths = (
			);
			runOnlyForDeploymentPostprocessing = 0;
			shellPath = /bin/sh;
			shellScript = "\"${SRCROOT}/Pods/Target Support Files/Pods-linhomes/Pods-linhomes-frameworks.sh\"\n";
			showEnvVarsInLog = 0;
		};
		C9557B62795469C7A1F4A29E /* [CP] Copy Pods Resources */ = {
			isa = PBXShellScriptBuildPhase;
			buildActionMask = 2147483647;
			files = (
			);
			inputPaths = (
			);
			name = "[CP] Copy Pods Resources";
			outputPaths = (
			);
			runOnlyForDeploymentPostprocessing = 0;
			shellPath = /bin/sh;
			shellScript = "\"${SRCROOT}/Pods/Target Support Files/Pods-linhomes/Pods-linhomes-resources.sh\"\n";
			showEnvVarsInLog = 0;
		};
		E756ECB3AE81FB4C09E2BBA1 /* [CP] Check Pods Manifest.lock */ = {
			isa = PBXShellScriptBuildPhase;
			buildActionMask = 2147483647;
			files = (
			);
			inputPaths = (
			);
			name = "[CP] Check Pods Manifest.lock";
			outputPaths = (
			);
			runOnlyForDeploymentPostprocessing = 0;
			shellPath = /bin/sh;
			shellScript = "diff \"${PODS_PODFILE_DIR_PATH}/Podfile.lock\" \"${PODS_ROOT}/Manifest.lock\" > /dev/null\nif [ $? != 0 ] ; then\n    # print error to STDERR\n    echo \"error: The sandbox is not in sync with the Podfile.lock. Run 'pod install' or update your CocoaPods installation.\" >&2\n    exit 1\nfi\n";
			showEnvVarsInLog = 0;
		};
/* End PBXShellScriptBuildPhase section */

/* Begin PBXSourcesBuildPhase section */
		3542F46F1F15DAD30029068D /* Sources */ = {
			isa = PBXSourcesBuildPhase;
			buildActionMask = 2147483647;
			files = (
				35EB48CB1F1DEB390061AA52 /* LoginViewController.swift in Sources */,
				3542F4771F15DAD30029068D /* AppDelegate.swift in Sources */,
				35FA45EE1F161D710019A7E4 /* HomeViewController.swift in Sources */,
				3597B6B51F1DBB1D006EF8F1 /* User.swift in Sources */,
				3502EB241F1CC2F900CAFF15 /* ListViewController.swift in Sources */,
				35F3CE781F1DBE220039AD37 /* LinhomesDB.swift in Sources */,
				3502EB221F1C99EC00CAFF15 /* ScanViewController.swift in Sources */,
			);
			runOnlyForDeploymentPostprocessing = 0;
		};
/* End PBXSourcesBuildPhase section */

/* Begin PBXVariantGroup section */
		3542F47A1F15DAD30029068D /* Main.storyboard */ = {
			isa = PBXVariantGroup;
			children = (
				3542F47B1F15DAD30029068D /* Base */,
			);
			name = Main.storyboard;
			sourceTree = "<group>";
		};
		3542F47F1F15DAD30029068D /* LaunchScreen.storyboard */ = {
			isa = PBXVariantGroup;
			children = (
				3542F4801F15DAD30029068D /* Base */,
			);
			name = LaunchScreen.storyboard;
			sourceTree = "<group>";
		};
/* End PBXVariantGroup section */

/* Begin XCBuildConfiguration section */
		3542F4831F15DAD30029068D /* Debug */ = {
			isa = XCBuildConfiguration;
			buildSettings = {
				ALWAYS_SEARCH_USER_PATHS = NO;
				CLANG_ANALYZER_NONNULL = YES;
				CLANG_ANALYZER_NUMBER_OBJECT_CONVERSION = YES_AGGRESSIVE;
				CLANG_CXX_LANGUAGE_STANDARD = "gnu++0x";
				CLANG_CXX_LIBRARY = "libc++";
				CLANG_ENABLE_MODULES = YES;
				CLANG_ENABLE_OBJC_ARC = YES;
				CLANG_WARN_BOOL_CONVERSION = YES;
				CLANG_WARN_CONSTANT_CONVERSION = YES;
				CLANG_WARN_DIRECT_OBJC_ISA_USAGE = YES_ERROR;
				CLANG_WARN_DOCUMENTATION_COMMENTS = YES;
				CLANG_WARN_EMPTY_BODY = YES;
				CLANG_WARN_ENUM_CONVERSION = YES;
				CLANG_WARN_INFINITE_RECURSION = YES;
				CLANG_WARN_INT_CONVERSION = YES;
				CLANG_WARN_OBJC_ROOT_CLASS = YES_ERROR;
				CLANG_WARN_SUSPICIOUS_MOVE = YES;
				CLANG_WARN_UNREACHABLE_CODE = YES;
				CLANG_WARN__DUPLICATE_METHOD_MATCH = YES;
				"CODE_SIGN_IDENTITY[sdk=iphoneos*]" = "iPhone Developer";
				COPY_PHASE_STRIP = NO;
				DEBUG_INFORMATION_FORMAT = dwarf;
				ENABLE_STRICT_OBJC_MSGSEND = YES;
				ENABLE_TESTABILITY = YES;
				GCC_C_LANGUAGE_STANDARD = gnu99;
				GCC_DYNAMIC_NO_PIC = NO;
				GCC_NO_COMMON_BLOCKS = YES;
				GCC_OPTIMIZATION_LEVEL = 0;
				GCC_PREPROCESSOR_DEFINITIONS = (
					"DEBUG=1",
					"$(inherited)",
				);
				GCC_WARN_64_TO_32_BIT_CONVERSION = YES;
				GCC_WARN_ABOUT_RETURN_TYPE = YES_ERROR;
				GCC_WARN_UNDECLARED_SELECTOR = YES;
				GCC_WARN_UNINITIALIZED_AUTOS = YES_AGGRESSIVE;
				GCC_WARN_UNUSED_FUNCTION = YES;
				GCC_WARN_UNUSED_VARIABLE = YES;
				IPHONEOS_DEPLOYMENT_TARGET = 10.3;
				MTL_ENABLE_DEBUG_INFO = YES;
				ONLY_ACTIVE_ARCH = YES;
				SDKROOT = iphoneos;
				SWIFT_ACTIVE_COMPILATION_CONDITIONS = DEBUG;
				SWIFT_OPTIMIZATION_LEVEL = "-Onone";
			};
			name = Debug;
		};
		3542F4841F15DAD30029068D /* Release */ = {
			isa = XCBuildConfiguration;
			buildSettings = {
				ALWAYS_SEARCH_USER_PATHS = NO;
				CLANG_ANALYZER_NONNULL = YES;
				CLANG_ANALYZER_NUMBER_OBJECT_CONVERSION = YES_AGGRESSIVE;
				CLANG_CXX_LANGUAGE_STANDARD = "gnu++0x";
				CLANG_CXX_LIBRARY = "libc++";
				CLANG_ENABLE_MODULES = YES;
				CLANG_ENABLE_OBJC_ARC = YES;
				CLANG_WARN_BOOL_CONVERSION = YES;
				CLANG_WARN_CONSTANT_CONVERSION = YES;
				CLANG_WARN_DIRECT_OBJC_ISA_USAGE = YES_ERROR;
				CLANG_WARN_DOCUMENTATION_COMMENTS = YES;
				CLANG_WARN_EMPTY_BODY = YES;
				CLANG_WARN_ENUM_CONVERSION = YES;
				CLANG_WARN_INFINITE_RECURSION = YES;
				CLANG_WARN_INT_CONVERSION = YES;
				CLANG_WARN_OBJC_ROOT_CLASS = YES_ERROR;
				CLANG_WARN_SUSPICIOUS_MOVE = YES;
				CLANG_WARN_UNREACHABLE_CODE = YES;
				CLANG_WARN__DUPLICATE_METHOD_MATCH = YES;
				"CODE_SIGN_IDENTITY[sdk=iphoneos*]" = "iPhone Developer";
				COPY_PHASE_STRIP = NO;
				DEBUG_INFORMATION_FORMAT = "dwarf-with-dsym";
				ENABLE_NS_ASSERTIONS = NO;
				ENABLE_STRICT_OBJC_MSGSEND = YES;
				GCC_C_LANGUAGE_STANDARD = gnu99;
				GCC_NO_COMMON_BLOCKS = YES;
				GCC_WARN_64_TO_32_BIT_CONVERSION = YES;
				GCC_WARN_ABOUT_RETURN_TYPE = YES_ERROR;
				GCC_WARN_UNDECLARED_SELECTOR = YES;
				GCC_WARN_UNINITIALIZED_AUTOS = YES_AGGRESSIVE;
				GCC_WARN_UNUSED_FUNCTION = YES;
				GCC_WARN_UNUSED_VARIABLE = YES;
				IPHONEOS_DEPLOYMENT_TARGET = 10.3;
				MTL_ENABLE_DEBUG_INFO = NO;
				SDKROOT = iphoneos;
				SWIFT_OPTIMIZATION_LEVEL = "-Owholemodule";
				VALIDATE_PRODUCT = YES;
			};
			name = Release;
		};
		3542F4861F15DAD30029068D /* Debug */ = {
			isa = XCBuildConfiguration;
			baseConfigurationReference = F049F40088E6DC5C65DA4E46 /* Pods-linhomes.debug.xcconfig */;
			buildSettings = {
				ASSETCATALOG_COMPILER_APPICON_NAME = AppIcon;
				DEVELOPMENT_TEAM = 86V364Z564;
				INFOPLIST_FILE = linhomes/Info.plist;
				LD_RUNPATH_SEARCH_PATHS = "$(inherited) @executable_path/Frameworks";
				PRODUCT_BUNDLE_IDENTIFIER = com.linhtek.linhomes;
				PRODUCT_NAME = "$(TARGET_NAME)";
				SWIFT_VERSION = 3.0;
			};
			name = Debug;
		};
		3542F4871F15DAD30029068D /* Release */ = {
			isa = XCBuildConfiguration;
			baseConfigurationReference = 3C964DC596629BB813122053 /* Pods-linhomes.release.xcconfig */;
			buildSettings = {
				ASSETCATALOG_COMPILER_APPICON_NAME = AppIcon;
				DEVELOPMENT_TEAM = 86V364Z564;
				INFOPLIST_FILE = linhomes/Info.plist;
				LD_RUNPATH_SEARCH_PATHS = "$(inherited) @executable_path/Frameworks";
				PRODUCT_BUNDLE_IDENTIFIER = com.linhtek.linhomes;
				PRODUCT_NAME = "$(TARGET_NAME)";
				SWIFT_VERSION = 3.0;
			};
			name = Release;
		};
/* End XCBuildConfiguration section */

/* Begin XCConfigurationList section */
		3542F46E1F15DAD30029068D /* Build configuration list for PBXProject "linhomes" */ = {
			isa = XCConfigurationList;
			buildConfigurations = (
				3542F4831F15DAD30029068D /* Debug */,
				3542F4841F15DAD30029068D /* Release */,
			);
			defaultConfigurationIsVisible = 0;
			defaultConfigurationName = Release;
		};
		3542F4851F15DAD30029068D /* Build configuration list for PBXNativeTarget "linhomes" */ = {
			isa = XCConfigurationList;
			buildConfigurations = (
				3542F4861F15DAD30029068D /* Debug */,
				3542F4871F15DAD30029068D /* Release */,
			);
			defaultConfigurationIsVisible = 0;
			defaultConfigurationName = Release;
		};
/* End XCConfigurationList section */
	};
	rootObject = 3542F46B1F15DAD30029068D /* Project object */;
}
